
Microsoft Visual Studio Solution File, Format Version 12.00
# Visual Studio Version 16
VisualStudioVersion = 16.0.30114.105
MinimumVisualStudioVersion = 10.0.40219.1
Project("{2150E333-8FDC-42A3-9474-1A3956D46DE8}") = "src", "src", "{1B98BD01-8F77-4CC8-9D26-864E86C863AE}"
EndProject
Project("{FAE04EC0-301F-11D3-BF4B-00C04F79EFBC}") = "Veils", "src\Veils\Veils.csproj", "{07F8FCB5-7516-4F3D-A276-AE36DF9C5333}"
EndProject
Project("{2150E333-8FDC-42A3-9474-1A3956D46DE8}") = "tests", "tests", "{4DB94176-256A-4C65-BB7D-161C8EA9C472}"
EndProject
Project("{FAE04EC0-301F-11D3-BF4B-00C04F79EFBC}") = "Veils.Tests", "tests\Veils.Tests\Veils.Tests.csproj", "{C60E3E0E-0FD8-48F7-B4D8-BB1F9694365A}"
EndProject
Project("{2150E333-8FDC-42A3-9474-1A3956D46DE8}") = "samples", "samples", "{91AD8997-ECE0-49A5-914D-8D1AC52D3F01}"
EndProject
Project("{2150E333-8FDC-42A3-9474-1A3956D46DE8}") = "xml", "xml", "{97F3BC02-A15C-47DA-93F3-BA5FBC1A9FE4}"
EndProject
Project("{2150E333-8FDC-42A3-9474-1A3956D46DE8}") = "src", "src", "{D205C961-7073-4BD3-9909-18A1E470F58D}"
EndProject
Project("{FAE04EC0-301F-11D3-BF4B-00C04F79EFBC}") = "Veils.Xml", "samples\xml\src\Veils.Xml\Veils.Xml.csproj", "{41FB2BC8-1004-4D86-BA7B-FDB2410CB3C6}"
EndProject
Project("{2150E333-8FDC-42A3-9474-1A3956D46DE8}") = "tests", "tests", "{FB99A034-A5C8-4574-B063-7A3C6088FA75}"
EndProject
Project("{FAE04EC0-301F-11D3-BF4B-00C04F79EFBC}") = "Veils.Xml.Tests", "samples\xml\tests\Veils.Xml.Tests\Veils.Xml.Tests.csproj", "{26ECFDEA-AFA8-4D9D-BE0F-37B744E10014}"
EndProject
Global
	GlobalSection(SolutionProperties) = preSolution
		HideSolutionNode = FALSE
	EndGlobalSection
	GlobalSection(SolutionConfigurationPlatforms) = preSolution
		Debug|Any CPU = Debug|Any CPU
		Debug|x64 = Debug|x64
		Debug|x86 = Debug|x86
		Release|Any CPU = Release|Any CPU
		Release|x64 = Release|x64
		Release|x86 = Release|x86
	EndGlobalSection
	GlobalSection(ProjectConfigurationPlatforms) = postSolution
		{07F8FCB5-7516-4F3D-A276-AE36DF9C5333}.Debug|Any CPU.ActiveCfg = Debug|Any CPU
		{07F8FCB5-7516-4F3D-A276-AE36DF9C5333}.Debug|Any CPU.Build.0 = Debug|Any CPU
		{07F8FCB5-7516-4F3D-A276-AE36DF9C5333}.Debug|x64.ActiveCfg = Debug|Any CPU
		{07F8FCB5-7516-4F3D-A276-AE36DF9C5333}.Debug|x64.Build.0 = Debug|Any CPU
		{07F8FCB5-7516-4F3D-A276-AE36DF9C5333}.Debug|x86.ActiveCfg = Debug|Any CPU
		{07F8FCB5-7516-4F3D-A276-AE36DF9C5333}.Debug|x86.Build.0 = Debug|Any CPU
		{07F8FCB5-7516-4F3D-A276-AE36DF9C5333}.Release|Any CPU.ActiveCfg = Release|Any CPU
		{07F8FCB5-7516-4F3D-A276-AE36DF9C5333}.Release|Any CPU.Build.0 = Release|Any CPU
		{07F8FCB5-7516-4F3D-A276-AE36DF9C5333}.Release|x64.ActiveCfg = Release|Any CPU
		{07F8FCB5-7516-4F3D-A276-AE36DF9C5333}.Release|x64.Build.0 = Release|Any CPU
		{07F8FCB5-7516-4F3D-A276-AE36DF9C5333}.Release|x86.ActiveCfg = Release|Any CPU
		{07F8FCB5-7516-4F3D-A276-AE36DF9C5333}.Release|x86.Build.0 = Release|Any CPU
		{C60E3E0E-0FD8-48F7-B4D8-BB1F9694365A}.Debug|Any CPU.ActiveCfg = Debug|Any CPU
		{C60E3E0E-0FD8-48F7-B4D8-BB1F9694365A}.Debug|Any CPU.Build.0 = Debug|Any CPU
		{C60E3E0E-0FD8-48F7-B4D8-BB1F9694365A}.Debug|x64.ActiveCfg = Debug|Any CPU
		{C60E3E0E-0FD8-48F7-B4D8-BB1F9694365A}.Debug|x64.Build.0 = Debug|Any CPU
		{C60E3E0E-0FD8-48F7-B4D8-BB1F9694365A}.Debug|x86.ActiveCfg = Debug|Any CPU
		{C60E3E0E-0FD8-48F7-B4D8-BB1F9694365A}.Debug|x86.Build.0 = Debug|Any CPU
		{C60E3E0E-0FD8-48F7-B4D8-BB1F9694365A}.Release|Any CPU.ActiveCfg = Release|Any CPU
		{C60E3E0E-0FD8-48F7-B4D8-BB1F9694365A}.Release|Any CPU.Build.0 = Release|Any CPU
		{C60E3E0E-0FD8-48F7-B4D8-BB1F9694365A}.Release|x64.ActiveCfg = Release|Any CPU
		{C60E3E0E-0FD8-48F7-B4D8-BB1F9694365A}.Release|x64.Build.0 = Release|Any CPU
		{C60E3E0E-0FD8-48F7-B4D8-BB1F9694365A}.Release|x86.ActiveCfg = Release|Any CPU
		{C60E3E0E-0FD8-48F7-B4D8-BB1F9694365A}.Release|x86.Build.0 = Release|Any CPU
		{41FB2BC8-1004-4D86-BA7B-FDB2410CB3C6}.Debug|Any CPU.ActiveCfg = Debug|Any CPU
		{41FB2BC8-1004-4D86-BA7B-FDB2410CB3C6}.Debug|Any CPU.Build.0 = Debug|Any CPU
		{41FB2BC8-1004-4D86-BA7B-FDB2410CB3C6}.Debug|x64.ActiveCfg = Debug|Any CPU
		{41FB2BC8-1004-4D86-BA7B-FDB2410CB3C6}.Debug|x64.Build.0 = Debug|Any CPU
		{41FB2BC8-1004-4D86-BA7B-FDB2410CB3C6}.Debug|x86.ActiveCfg = Debug|Any CPU
		{41FB2BC8-1004-4D86-BA7B-FDB2410CB3C6}.Debug|x86.Build.0 = Debug|Any CPU
		{41FB2BC8-1004-4D86-BA7B-FDB2410CB3C6}.Release|Any CPU.ActiveCfg = Release|Any CPU
		{41FB2BC8-1004-4D86-BA7B-FDB2410CB3C6}.Release|Any CPU.Build.0 = Release|Any CPU
		{41FB2BC8-1004-4D86-BA7B-FDB2410CB3C6}.Release|x64.ActiveCfg = Release|Any CPU
		{41FB2BC8-1004-4D86-BA7B-FDB2410CB3C6}.Release|x64.Build.0 = Release|Any CPU
		{41FB2BC8-1004-4D86-BA7B-FDB2410CB3C6}.Release|x86.ActiveCfg = Release|Any CPU
		{41FB2BC8-1004-4D86-BA7B-FDB2410CB3C6}.Release|x86.Build.0 = Release|Any CPU
		{26ECFDEA-AFA8-4D9D-BE0F-37B744E10014}.Debug|Any CPU.ActiveCfg = Debug|Any CPU
		{26ECFDEA-AFA8-4D9D-BE0F-37B744E10014}.Debug|Any CPU.Build.0 = Debug|Any CPU
		{26ECFDEA-AFA8-4D9D-BE0F-37B744E10014}.Debug|x64.ActiveCfg = Debug|Any CPU
		{26ECFDEA-AFA8-4D9D-BE0F-37B744E10014}.Debug|x64.Build.0 = Debug|Any CPU
		{26ECFDEA-AFA8-4D9D-BE0F-37B744E10014}.Debug|x86.ActiveCfg = Debug|Any CPU
		{26ECFDEA-AFA8-4D9D-BE0F-37B744E10014}.Debug|x86.Build.0 = Debug|Any CPU
		{26ECFDEA-AFA8-4D9D-BE0F-37B744E10014}.Release|Any CPU.ActiveCfg = Release|Any CPU
		{26ECFDEA-AFA8-4D9D-BE0F-37B744E10014}.Release|Any CPU.Build.0 = Release|Any CPU
		{26ECFDEA-AFA8-4D9D-BE0F-37B744E10014}.Release|x64.ActiveCfg = Release|Any CPU
		{26ECFDEA-AFA8-4D9D-BE0F-37B744E10014}.Release|x64.Build.0 = Release|Any CPU
		{26ECFDEA-AFA8-4D9D-BE0F-37B744E10014}.Release|x86.ActiveCfg = Release|Any CPU
		{26ECFDEA-AFA8-4D9D-BE0F-37B744E10014}.Release|x86.Build.0 = Release|Any CPU
	EndGlobalSection
	GlobalSection(NestedProjects) = preSolution
		{07F8FCB5-7516-4F3D-A276-AE36DF9C5333} = {1B98BD01-8F77-4CC8-9D26-864E86C863AE}
		{C60E3E0E-0FD8-48F7-B4D8-BB1F9694365A} = {4DB94176-256A-4C65-BB7D-161C8EA9C472}
		{97F3BC02-A15C-47DA-93F3-BA5FBC1A9FE4} = {91AD8997-ECE0-49A5-914D-8D1AC52D3F01}
		{D205C961-7073-4BD3-9909-18A1E470F58D} = {97F3BC02-A15C-47DA-93F3-BA5FBC1A9FE4}
		{41FB2BC8-1004-4D86-BA7B-FDB2410CB3C6} = {D205C961-7073-4BD3-9909-18A1E470F58D}
		{FB99A034-A5C8-4574-B063-7A3C6088FA75} = {97F3BC02-A15C-47DA-93F3-BA5FBC1A9FE4}
		{26ECFDEA-AFA8-4D9D-BE0F-37B744E10014} = {FB99A034-A5C8-4574-B063-7A3C6088FA75}
	EndGlobalSection
EndGlobal
